
Microsoft Visual Studio Solution File, Format Version 12.00
# Visual Studio Version 17
VisualStudioVersion = 17.3.32929.385
MinimumVisualStudioVersion = 10.0.40219.1
Project("{8BC9CEB8-8B4A-11D0-8D11-00A0C91BC942}") = "file_stream", "file_stream\file_stream.vcxproj", "{39BB46EE-7334-4C53-A7EF-EB7C8B599B26}"
EndProject
Global
	GlobalSection(SolutionConfigurationPlatforms) = preSolution
		Debug|x64 = Debug|x64
		Debug|x86 = Debug|x86
		Release|x64 = Release|x64
		Release|x86 = Release|x86
	EndGlobalSection
	GlobalSection(ProjectConfigurationPlatforms) = postSolution
		{39BB46EE-7334-4C53-A7EF-EB7C8B599B26}.Debug|x64.ActiveCfg = Debug|x64
		{39BB46EE-7334-4C53-A7EF-EB7C8B599B26}.Debug|x64.Build.0 = Debug|x64
		{39BB46EE-7334-4C53-A7EF-EB7C8B599B26}.Debug|x86.ActiveCfg = Debug|Win32
		{39BB46EE-7334-4C53-A7EF-EB7C8B599B26}.Debug|x86.Build.0 = Debug|Win32
		{39BB46EE-7334-4C53-A7EF-EB7C8B599B26}.Release|x64.ActiveCfg = Release|x64
		{39BB46EE-7334-4C53-A7EF-EB7C8B599B26}.Release|x64.Build.0 = Release|x64
		{39BB46EE-7334-4C53-A7EF-EB7C8B599B26}.Release|x86.ActiveCfg = Release|Win32
		{39BB46EE-7334-4C53-A7EF-EB7C8B599B26}.Release|x86.Build.0 = Release|Win32
	EndGlobalSection
	GlobalSection(SolutionProperties) = preSolution
		HideSolutionNode = FALSE
	EndGlobalSection
	GlobalSection(ExtensibilityGlobals) = postSolution
		SolutionGuid = {2A89E141-E7BC-4C6C-BA09-F34D73B83819}
	EndGlobalSection
EndGlobal
